// !$*UTF8*$!
{
	archiveVersion = 1;
	classes = {
	};
	objectVersion = 56;
	objects = {

/* Begin PBXBuildFile section */
		A7008B712928088300779CB6 /* APIServiceProtocol.swift in Sources */ = {isa = PBXBuildFile; fileRef = A7008B702928088200779CB6 /* APIServiceProtocol.swift */; };
		A7008B732928119900779CB6 /* ApiService.swift in Sources */ = {isa = PBXBuildFile; fileRef = A7008B722928119900779CB6 /* ApiService.swift */; };
		A700A65B29301EFC00C40B1F /* AppEnviroment.swift in Sources */ = {isa = PBXBuildFile; fileRef = A700A65A29301EFC00C40B1F /* AppEnviroment.swift */; };
		A700A65D293021AB00C40B1F /* ApiReducer.swift in Sources */ = {isa = PBXBuildFile; fileRef = A700A65C293021AB00C40B1F /* ApiReducer.swift */; };
		A70578F629324A7F0091E38F /* Store.swift in Sources */ = {isa = PBXBuildFile; fileRef = A70578F529324A7F0091E38F /* Store.swift */; };
		A71CED4A292E9DB60013A999 /* Action.swift in Sources */ = {isa = PBXBuildFile; fileRef = A71CED49292E9DB60013A999 /* Action.swift */; };
		A71CED4C292EC2220013A999 /* AppState.swift in Sources */ = {isa = PBXBuildFile; fileRef = A71CED4B292EC2220013A999 /* AppState.swift */; };
		A74A304D291CA7E6002204B1 /* FeedKit in Frameworks */ = {isa = PBXBuildFile; productRef = A74A304C291CA7E6002204B1 /* FeedKit */; };
		A74A3050291CA8C7002204B1 /* FeedKit in Frameworks */ = {isa = PBXBuildFile; productRef = A74A304F291CA8C7002204B1 /* FeedKit */; };
		A768141B29268FF500B23F55 /* default.swift in Sources */ = {isa = PBXBuildFile; fileRef = A768141A29268FF500B23F55 /* default.swift */; };
		A7AFA1D6291D0261007A1393 /* Podcast.swift in Sources */ = {isa = PBXBuildFile; fileRef = A7AFA1D5291D0261007A1393 /* Podcast.swift */; };
		A7C521BE2926F3FE00A6C5B5 /* ConfigParser.swift in Sources */ = {isa = PBXBuildFile; fileRef = A7C521BD2926F3FE00A6C5B5 /* ConfigParser.swift */; };
		A7CF45FD292AEBFC00A31DDE /* genres.json in Resources */ = {isa = PBXBuildFile; fileRef = A7CF45FC292AEBFC00A31DDE /* genres.json */; };
		A7CF4600292AED1900A31DDE /* Log.swift in Sources */ = {isa = PBXBuildFile; fileRef = A7CF45FF292AED1900A31DDE /* Log.swift */; };
		A7D5B330291EBF9700526AE5 /* PodcastViewModel.swift in Sources */ = {isa = PBXBuildFile; fileRef = A7D5B32F291EBF9700526AE5 /* PodcastViewModel.swift */; };
		A7DA2D54291AD2FA002D7EA1 /* PodcastAppApp.swift in Sources */ = {isa = PBXBuildFile; fileRef = A7DA2D53291AD2FA002D7EA1 /* PodcastAppApp.swift */; };
		A7DA2D56291AD2FA002D7EA1 /* Persistence.swift in Sources */ = {isa = PBXBuildFile; fileRef = A7DA2D55291AD2FA002D7EA1 /* Persistence.swift */; };
		A7DA2D59291AD2FA002D7EA1 /* PodcastApp.xcdatamodeld in Sources */ = {isa = PBXBuildFile; fileRef = A7DA2D57291AD2FA002D7EA1 /* PodcastApp.xcdatamodeld */; };
		A7DA2D5B291AD2FA002D7EA1 /* ContentView.swift in Sources */ = {isa = PBXBuildFile; fileRef = A7DA2D5A291AD2FA002D7EA1 /* ContentView.swift */; };
		A7DA2D5D291AD2FB002D7EA1 /* Assets.xcassets in Resources */ = {isa = PBXBuildFile; fileRef = A7DA2D5C291AD2FB002D7EA1 /* Assets.xcassets */; };
		A7DA2D61291AD2FB002D7EA1 /* Preview Assets.xcassets in Resources */ = {isa = PBXBuildFile; fileRef = A7DA2D60291AD2FB002D7EA1 /* Preview Assets.xcassets */; };
		A7DA2D6E291AD44D002D7EA1 /* watchOSApp.swift in Sources */ = {isa = PBXBuildFile; fileRef = A7DA2D6D291AD44D002D7EA1 /* watchOSApp.swift */; };
		A7DA2D70291AD44D002D7EA1 /* ContentView.swift in Sources */ = {isa = PBXBuildFile; fileRef = A7DA2D6F291AD44D002D7EA1 /* ContentView.swift */; };
		A7DA2D72291AD450002D7EA1 /* Assets.xcassets in Resources */ = {isa = PBXBuildFile; fileRef = A7DA2D71291AD450002D7EA1 /* Assets.xcassets */; };
		A7DA2D75291AD450002D7EA1 /* Preview Assets.xcassets in Resources */ = {isa = PBXBuildFile; fileRef = A7DA2D74291AD450002D7EA1 /* Preview Assets.xcassets */; };
		A7DA2D87291ADA97002D7EA1 /* Development.xcconfig in Resources */ = {isa = PBXBuildFile; fileRef = A7DA2D86291ADA97002D7EA1 /* Development.xcconfig */; };
		A7DA2D88291ADA97002D7EA1 /* Development.xcconfig in Resources */ = {isa = PBXBuildFile; fileRef = A7DA2D86291ADA97002D7EA1 /* Development.xcconfig */; };
		A7DA2D8A291ADAB6002D7EA1 /* Staging.xcconfig in Resources */ = {isa = PBXBuildFile; fileRef = A7DA2D89291ADAB6002D7EA1 /* Staging.xcconfig */; };
		A7DA2D8B291ADAB6002D7EA1 /* Staging.xcconfig in Resources */ = {isa = PBXBuildFile; fileRef = A7DA2D89291ADAB6002D7EA1 /* Staging.xcconfig */; };
		A7DA2D8D291ADADA002D7EA1 /* Production.xcconfig in Resources */ = {isa = PBXBuildFile; fileRef = A7DA2D8C291ADADA002D7EA1 /* Production.xcconfig */; };
		A7DA2D8E291ADADA002D7EA1 /* Production.xcconfig in Resources */ = {isa = PBXBuildFile; fileRef = A7DA2D8C291ADADA002D7EA1 /* Production.xcconfig */; };
		A7E7C49B291D2AC400A7815F /* Genre.swift in Sources */ = {isa = PBXBuildFile; fileRef = A7E7C49A291D2AC400A7815F /* Genre.swift */; };
		A7E7C4A0291D366E00A7815F /* EpisodeViewModel.swift in Sources */ = {isa = PBXBuildFile; fileRef = A7E7C49F291D366E00A7815F /* EpisodeViewModel.swift */; };
		A7E7C4A2291D3A5200A7815F /* GenreViewModel.swift in Sources */ = {isa = PBXBuildFile; fileRef = A7E7C4A1291D3A5200A7815F /* GenreViewModel.swift */; };
		A7EC12DD2926235B0084042B /* InternetMonitoring.swift in Sources */ = {isa = PBXBuildFile; fileRef = A7EC12DC2926235B0084042B /* InternetMonitoring.swift */; };
		A7FFA6A02920C42900279C24 /* Date+.swift in Sources */ = {isa = PBXBuildFile; fileRef = A7FFA69F2920C42900279C24 /* Date+.swift */; };
		A7FFA6A22920C48400279C24 /* String+.swift in Sources */ = {isa = PBXBuildFile; fileRef = A7FFA6A12920C48400279C24 /* String+.swift */; };
/* End PBXBuildFile section */

/* Begin PBXFileReference section */
		A7008B702928088200779CB6 /* APIServiceProtocol.swift */ = {isa = PBXFileReference; lastKnownFileType = sourcecode.swift; path = APIServiceProtocol.swift; sourceTree = "<group>"; };
		A7008B722928119900779CB6 /* ApiService.swift */ = {isa = PBXFileReference; lastKnownFileType = sourcecode.swift; path = ApiService.swift; sourceTree = "<group>"; };
		A700A65A29301EFC00C40B1F /* AppEnviroment.swift */ = {isa = PBXFileReference; lastKnownFileType = sourcecode.swift; path = AppEnviroment.swift; sourceTree = "<group>"; };
		A700A65C293021AB00C40B1F /* ApiReducer.swift */ = {isa = PBXFileReference; lastKnownFileType = sourcecode.swift; path = ApiReducer.swift; sourceTree = "<group>"; };
		A70578F529324A7F0091E38F /* Store.swift */ = {isa = PBXFileReference; lastKnownFileType = sourcecode.swift; path = Store.swift; sourceTree = "<group>"; };
		A71CED49292E9DB60013A999 /* Action.swift */ = {isa = PBXFileReference; lastKnownFileType = sourcecode.swift; path = Action.swift; sourceTree = "<group>"; };
		A71CED4B292EC2220013A999 /* AppState.swift */ = {isa = PBXFileReference; lastKnownFileType = sourcecode.swift; path = AppState.swift; sourceTree = "<group>"; };
		A768141A29268FF500B23F55 /* default.swift */ = {isa = PBXFileReference; lastKnownFileType = sourcecode.swift; path = default.swift; sourceTree = "<group>"; };
		A7AFA1D5291D0261007A1393 /* Podcast.swift */ = {isa = PBXFileReference; lastKnownFileType = sourcecode.swift; path = Podcast.swift; sourceTree = "<group>"; };
		A7C521BD2926F3FE00A6C5B5 /* ConfigParser.swift */ = {isa = PBXFileReference; lastKnownFileType = sourcecode.swift; path = ConfigParser.swift; sourceTree = "<group>"; };
		A7CF45FC292AEBFC00A31DDE /* genres.json */ = {isa = PBXFileReference; fileEncoding = 4; lastKnownFileType = text.json; path = genres.json; sourceTree = "<group>"; };
		A7CF45FF292AED1900A31DDE /* Log.swift */ = {isa = PBXFileReference; lastKnownFileType = sourcecode.swift; path = Log.swift; sourceTree = "<group>"; };
		A7D5B32F291EBF9700526AE5 /* PodcastViewModel.swift */ = {isa = PBXFileReference; lastKnownFileType = sourcecode.swift; path = PodcastViewModel.swift; sourceTree = "<group>"; };
		A7DA2D50291AD2FA002D7EA1 /* PodcastApp.app */ = {isa = PBXFileReference; explicitFileType = wrapper.application; includeInIndex = 0; path = PodcastApp.app; sourceTree = BUILT_PRODUCTS_DIR; };
		A7DA2D53291AD2FA002D7EA1 /* PodcastAppApp.swift */ = {isa = PBXFileReference; lastKnownFileType = sourcecode.swift; path = PodcastAppApp.swift; sourceTree = "<group>"; };
		A7DA2D55291AD2FA002D7EA1 /* Persistence.swift */ = {isa = PBXFileReference; lastKnownFileType = sourcecode.swift; path = Persistence.swift; sourceTree = "<group>"; };
		A7DA2D58291AD2FA002D7EA1 /* PodcastApp.xcdatamodel */ = {isa = PBXFileReference; lastKnownFileType = wrapper.xcdatamodel; path = PodcastApp.xcdatamodel; sourceTree = "<group>"; };
		A7DA2D5A291AD2FA002D7EA1 /* ContentView.swift */ = {isa = PBXFileReference; lastKnownFileType = sourcecode.swift; path = ContentView.swift; sourceTree = "<group>"; };
		A7DA2D5C291AD2FB002D7EA1 /* Assets.xcassets */ = {isa = PBXFileReference; lastKnownFileType = folder.assetcatalog; path = Assets.xcassets; sourceTree = "<group>"; };
		A7DA2D5E291AD2FB002D7EA1 /* PodcastApp.entitlements */ = {isa = PBXFileReference; lastKnownFileType = text.plist.entitlements; path = PodcastApp.entitlements; sourceTree = "<group>"; };
		A7DA2D60291AD2FB002D7EA1 /* Preview Assets.xcassets */ = {isa = PBXFileReference; lastKnownFileType = folder.assetcatalog; path = "Preview Assets.xcassets"; sourceTree = "<group>"; };
		A7DA2D6B291AD44D002D7EA1 /* watchOS Watch App.app */ = {isa = PBXFileReference; explicitFileType = wrapper.application; includeInIndex = 0; path = "watchOS Watch App.app"; sourceTree = BUILT_PRODUCTS_DIR; };
		A7DA2D6D291AD44D002D7EA1 /* watchOSApp.swift */ = {isa = PBXFileReference; lastKnownFileType = sourcecode.swift; path = watchOSApp.swift; sourceTree = "<group>"; };
		A7DA2D6F291AD44D002D7EA1 /* ContentView.swift */ = {isa = PBXFileReference; lastKnownFileType = sourcecode.swift; path = ContentView.swift; sourceTree = "<group>"; };
		A7DA2D71291AD450002D7EA1 /* Assets.xcassets */ = {isa = PBXFileReference; lastKnownFileType = folder.assetcatalog; path = Assets.xcassets; sourceTree = "<group>"; };
		A7DA2D74291AD450002D7EA1 /* Preview Assets.xcassets */ = {isa = PBXFileReference; lastKnownFileType = folder.assetcatalog; path = "Preview Assets.xcassets"; sourceTree = "<group>"; };
		A7DA2D86291ADA97002D7EA1 /* Development.xcconfig */ = {isa = PBXFileReference; lastKnownFileType = text.xcconfig; path = Development.xcconfig; sourceTree = "<group>"; };
		A7DA2D89291ADAB6002D7EA1 /* Staging.xcconfig */ = {isa = PBXFileReference; lastKnownFileType = text.xcconfig; path = Staging.xcconfig; sourceTree = "<group>"; };
		A7DA2D8C291ADADA002D7EA1 /* Production.xcconfig */ = {isa = PBXFileReference; lastKnownFileType = text.xcconfig; path = Production.xcconfig; sourceTree = "<group>"; };
		A7E7C49A291D2AC400A7815F /* Genre.swift */ = {isa = PBXFileReference; lastKnownFileType = sourcecode.swift; path = Genre.swift; sourceTree = "<group>"; };
		A7E7C49F291D366E00A7815F /* EpisodeViewModel.swift */ = {isa = PBXFileReference; lastKnownFileType = sourcecode.swift; path = EpisodeViewModel.swift; sourceTree = "<group>"; };
		A7E7C4A1291D3A5200A7815F /* GenreViewModel.swift */ = {isa = PBXFileReference; lastKnownFileType = sourcecode.swift; path = GenreViewModel.swift; sourceTree = "<group>"; };
		A7EC12DC2926235B0084042B /* InternetMonitoring.swift */ = {isa = PBXFileReference; lastKnownFileType = sourcecode.swift; path = InternetMonitoring.swift; sourceTree = "<group>"; };
		A7FFA69F2920C42900279C24 /* Date+.swift */ = {isa = PBXFileReference; lastKnownFileType = sourcecode.swift; path = "Date+.swift"; sourceTree = "<group>"; };
		A7FFA6A12920C48400279C24 /* String+.swift */ = {isa = PBXFileReference; lastKnownFileType = sourcecode.swift; path = "String+.swift"; sourceTree = "<group>"; };
/* End PBXFileReference section */

/* Begin PBXFrameworksBuildPhase section */
		A7DA2D4D291AD2FA002D7EA1 /* Frameworks */ = {
			isa = PBXFrameworksBuildPhase;
			buildActionMask = 2147483647;
			files = (
				A74A304D291CA7E6002204B1 /* FeedKit in Frameworks */,
			);
			runOnlyForDeploymentPostprocessing = 0;
		};
		A7DA2D68291AD44D002D7EA1 /* Frameworks */ = {
			isa = PBXFrameworksBuildPhase;
			buildActionMask = 2147483647;
			files = (
				A74A3050291CA8C7002204B1 /* FeedKit in Frameworks */,
			);
			runOnlyForDeploymentPostprocessing = 0;
		};
/* End PBXFrameworksBuildPhase section */

/* Begin PBXGroup section */
		A71CED48292E9D990013A999 /* Store */ = {
			isa = PBXGroup;
			children = (
				A71CED49292E9DB60013A999 /* Action.swift */,
				A70578F529324A7F0091E38F /* Store.swift */,
				A71CED4B292EC2220013A999 /* AppState.swift */,
				A700A65A29301EFC00C40B1F /* AppEnviroment.swift */,
				A700A65C293021AB00C40B1F /* ApiReducer.swift */,
			);
			path = Store;
			sourceTree = "<group>";
		};
		A74A304E291CA8B4002204B1 /* Frameworks */ = {
			isa = PBXGroup;
			children = (
			);
			name = Frameworks;
			sourceTree = "<group>";
		};
		A7AFA1D4291D023E007A1393 /* Models */ = {
			isa = PBXGroup;
			children = (
				A7AFA1D5291D0261007A1393 /* Podcast.swift */,
				A7E7C49A291D2AC400A7815F /* Genre.swift */,
			);
			path = Models;
			sourceTree = "<group>";
		};
		A7B6E42A2935EF91002F01D9 /* Styles */ = {
			isa = PBXGroup;
			children = (
			);
			path = Styles;
			sourceTree = "<group>";
		};
		A7B6E42B2935EF9B002F01D9 /* Elements */ = {
			isa = PBXGroup;
			children = (
			);
			path = Elements;
			sourceTree = "<group>";
		};
		A7B6E42C2935EFAF002F01D9 /* Components */ = {
			isa = PBXGroup;
			children = (
			);
			path = Components;
			sourceTree = "<group>";
		};
		A7B6E42D2935EFCA002F01D9 /* Modifiers */ = {
			isa = PBXGroup;
			children = (
			);
			path = Modifiers;
			sourceTree = "<group>";
		};
		A7CF45FE292AECFF00A31DDE /* Utils */ = {
			isa = PBXGroup;
			children = (
				A7CF45FF292AED1900A31DDE /* Log.swift */,
			);
			path = Utils;
			sourceTree = "<group>";
		};
		A7DA2D47291AD2FA002D7EA1 = {
			isa = PBXGroup;
			children = (
				A7DA2D52291AD2FA002D7EA1 /* PodcastApp */,
				A7DA2D6C291AD44D002D7EA1 /* watchOS Watch App */,
				A7DA2D51291AD2FA002D7EA1 /* Products */,
				A74A304E291CA8B4002204B1 /* Frameworks */,
			);
			sourceTree = "<group>";
		};
		A7DA2D51291AD2FA002D7EA1 /* Products */ = {
			isa = PBXGroup;
			children = (
				A7DA2D50291AD2FA002D7EA1 /* PodcastApp.app */,
				A7DA2D6B291AD44D002D7EA1 /* watchOS Watch App.app */,
			);
			name = Products;
			sourceTree = "<group>";
		};
		A7DA2D52291AD2FA002D7EA1 /* PodcastApp */ = {
			isa = PBXGroup;
			children = (
				A7B6E42D2935EFCA002F01D9 /* Modifiers */,
				A7B6E42C2935EFAF002F01D9 /* Components */,
				A7B6E42B2935EF9B002F01D9 /* Elements */,
				A7B6E42A2935EF91002F01D9 /* Styles */,
				A71CED48292E9D990013A999 /* Store */,
				A7CF45FE292AECFF00A31DDE /* Utils */,
				A7F0DBEB292AE8B200713D01 /* Static */,
				A7EC12DB292623070084042B /* Networking */,
				A7FFA69E2920C41500279C24 /* Extension */,
				A7E7C49C291D2CB900A7815F /* ViewModels */,
				A7AFA1D4291D023E007A1393 /* Models */,
				A7DA2D85291AD97D002D7EA1 /* Config */,
				A7DA2D53291AD2FA002D7EA1 /* PodcastAppApp.swift */,
				A7DA2D55291AD2FA002D7EA1 /* Persistence.swift */,
				A7DA2D5A291AD2FA002D7EA1 /* ContentView.swift */,
				A7DA2D5C291AD2FB002D7EA1 /* Assets.xcassets */,
				A7DA2D5E291AD2FB002D7EA1 /* PodcastApp.entitlements */,
				A7DA2D57291AD2FA002D7EA1 /* PodcastApp.xcdatamodeld */,
				A7DA2D5F291AD2FB002D7EA1 /* Preview Content */,
				A768141A29268FF500B23F55 /* default.swift */,
			);
			path = PodcastApp;
			sourceTree = "<group>";
		};
		A7DA2D5F291AD2FB002D7EA1 /* Preview Content */ = {
			isa = PBXGroup;
			children = (
				A7DA2D60291AD2FB002D7EA1 /* Preview Assets.xcassets */,
			);
			path = "Preview Content";
			sourceTree = "<group>";
		};
		A7DA2D6C291AD44D002D7EA1 /* watchOS Watch App */ = {
			isa = PBXGroup;
			children = (
				A7DA2D6D291AD44D002D7EA1 /* watchOSApp.swift */,
				A7DA2D6F291AD44D002D7EA1 /* ContentView.swift */,
				A7DA2D71291AD450002D7EA1 /* Assets.xcassets */,
				A7DA2D73291AD450002D7EA1 /* Preview Content */,
			);
			path = "watchOS Watch App";
			sourceTree = "<group>";
		};
		A7DA2D73291AD450002D7EA1 /* Preview Content */ = {
			isa = PBXGroup;
			children = (
				A7DA2D74291AD450002D7EA1 /* Preview Assets.xcassets */,
			);
			path = "Preview Content";
			sourceTree = "<group>";
		};
		A7DA2D85291AD97D002D7EA1 /* Config */ = {
			isa = PBXGroup;
			children = (
				A7DA2D86291ADA97002D7EA1 /* Development.xcconfig */,
				A7DA2D89291ADAB6002D7EA1 /* Staging.xcconfig */,
				A7DA2D8C291ADADA002D7EA1 /* Production.xcconfig */,
				A7C521BD2926F3FE00A6C5B5 /* ConfigParser.swift */,
			);
			path = Config;
			sourceTree = "<group>";
		};
		A7E7C49C291D2CB900A7815F /* ViewModels */ = {
			isa = PBXGroup;
			children = (
				A7E7C49F291D366E00A7815F /* EpisodeViewModel.swift */,
				A7D5B32F291EBF9700526AE5 /* PodcastViewModel.swift */,
				A7E7C4A1291D3A5200A7815F /* GenreViewModel.swift */,
			);
			path = ViewModels;
			sourceTree = "<group>";
		};
		A7EC12DB292623070084042B /* Networking */ = {
			isa = PBXGroup;
			children = (
				A7EC12DC2926235B0084042B /* InternetMonitoring.swift */,
				A7008B722928119900779CB6 /* ApiService.swift */,
				A7008B702928088200779CB6 /* APIServiceProtocol.swift */,
			);
			path = Networking;
			sourceTree = "<group>";
		};
		A7F0DBEB292AE8B200713D01 /* Static */ = {
			isa = PBXGroup;
			children = (
				A7CF45FC292AEBFC00A31DDE /* genres.json */,
			);
			path = Static;
			sourceTree = "<group>";
		};
		A7FFA69E2920C41500279C24 /* Extension */ = {
			isa = PBXGroup;
			children = (
				A7FFA69F2920C42900279C24 /* Date+.swift */,
				A7FFA6A12920C48400279C24 /* String+.swift */,
			);
			path = Extension;
			sourceTree = "<group>";
		};
/* End PBXGroup section */

/* Begin PBXNativeTarget section */
		A7DA2D4F291AD2FA002D7EA1 /* PodcastApp */ = {
			isa = PBXNativeTarget;
			buildConfigurationList = A7DA2D64291AD2FB002D7EA1 /* Build configuration list for PBXNativeTarget "PodcastApp" */;
			buildPhases = (
				A7DA2D4C291AD2FA002D7EA1 /* Sources */,
				A7DA2D4D291AD2FA002D7EA1 /* Frameworks */,
				A7DA2D4E291AD2FA002D7EA1 /* Resources */,
			);
			buildRules = (
			);
			dependencies = (
			);
			name = PodcastApp;
			packageProductDependencies = (
				A74A304C291CA7E6002204B1 /* FeedKit */,
			);
			productName = PodcastApp;
			productReference = A7DA2D50291AD2FA002D7EA1 /* PodcastApp.app */;
			productType = "com.apple.product-type.application";
		};
		A7DA2D6A291AD44D002D7EA1 /* watchOS Watch App */ = {
			isa = PBXNativeTarget;
			buildConfigurationList = A7DA2D76291AD450002D7EA1 /* Build configuration list for PBXNativeTarget "watchOS Watch App" */;
			buildPhases = (
				A7DA2D67291AD44D002D7EA1 /* Sources */,
				A7DA2D68291AD44D002D7EA1 /* Frameworks */,
				A7DA2D69291AD44D002D7EA1 /* Resources */,
			);
			buildRules = (
			);
			dependencies = (
			);
			name = "watchOS Watch App";
			packageProductDependencies = (
				A74A304F291CA8C7002204B1 /* FeedKit */,
			);
			productName = "watchOS Watch App";
			productReference = A7DA2D6B291AD44D002D7EA1 /* watchOS Watch App.app */;
			productType = "com.apple.product-type.application";
		};
/* End PBXNativeTarget section */

/* Begin PBXProject section */
		A7DA2D48291AD2FA002D7EA1 /* Project object */ = {
			isa = PBXProject;
			attributes = {
				BuildIndependentTargetsInParallel = 1;
				LastSwiftUpdateCheck = 1410;
				LastUpgradeCheck = 1410;
				TargetAttributes = {
					A7DA2D4F291AD2FA002D7EA1 = {
						CreatedOnToolsVersion = 14.1;
					};
					A7DA2D6A291AD44D002D7EA1 = {
						CreatedOnToolsVersion = 14.1;
					};
				};
			};
			buildConfigurationList = A7DA2D4B291AD2FA002D7EA1 /* Build configuration list for PBXProject "PodcastApp" */;
			compatibilityVersion = "Xcode 14.0";
			developmentRegion = en;
			hasScannedForEncodings = 0;
			knownRegions = (
				en,
				Base,
			);
			mainGroup = A7DA2D47291AD2FA002D7EA1;
			packageReferences = (
				A74A304B291CA7E6002204B1 /* XCRemoteSwiftPackageReference "FeedKit" */,
			);
			productRefGroup = A7DA2D51291AD2FA002D7EA1 /* Products */;
			projectDirPath = "";
			projectRoot = "";
			targets = (
				A7DA2D4F291AD2FA002D7EA1 /* PodcastApp */,
				A7DA2D6A291AD44D002D7EA1 /* watchOS Watch App */,
			);
		};
/* End PBXProject section */

/* Begin PBXResourcesBuildPhase section */
		A7DA2D4E291AD2FA002D7EA1 /* Resources */ = {
			isa = PBXResourcesBuildPhase;
			buildActionMask = 2147483647;
			files = (
				A7DA2D8A291ADAB6002D7EA1 /* Staging.xcconfig in Resources */,
				A7CF45FD292AEBFC00A31DDE /* genres.json in Resources */,
				A7DA2D8D291ADADA002D7EA1 /* Production.xcconfig in Resources */,
				A7DA2D87291ADA97002D7EA1 /* Development.xcconfig in Resources */,
				A7DA2D61291AD2FB002D7EA1 /* Preview Assets.xcassets in Resources */,
				A7DA2D5D291AD2FB002D7EA1 /* Assets.xcassets in Resources */,
			);
			runOnlyForDeploymentPostprocessing = 0;
		};
		A7DA2D69291AD44D002D7EA1 /* Resources */ = {
			isa = PBXResourcesBuildPhase;
			buildActionMask = 2147483647;
			files = (
				A7DA2D8B291ADAB6002D7EA1 /* Staging.xcconfig in Resources */,
				A7DA2D8E291ADADA002D7EA1 /* Production.xcconfig in Resources */,
				A7DA2D88291ADA97002D7EA1 /* Development.xcconfig in Resources */,
				A7DA2D75291AD450002D7EA1 /* Preview Assets.xcassets in Resources */,
				A7DA2D72291AD450002D7EA1 /* Assets.xcassets in Resources */,
			);
			runOnlyForDeploymentPostprocessing = 0;
		};
/* End PBXResourcesBuildPhase section */

/* Begin PBXSourcesBuildPhase section */
		A7DA2D4C291AD2FA002D7EA1 /* Sources */ = {
			isa = PBXSourcesBuildPhase;
			buildActionMask = 2147483647;
			files = (
				A7DA2D54291AD2FA002D7EA1 /* PodcastAppApp.swift in Sources */,
				A71CED4A292E9DB60013A999 /* Action.swift in Sources */,
				A71CED4C292EC2220013A999 /* AppState.swift in Sources */,
				A700A65D293021AB00C40B1F /* ApiReducer.swift in Sources */,
				A7D5B330291EBF9700526AE5 /* PodcastViewModel.swift in Sources */,
				A7EC12DD2926235B0084042B /* InternetMonitoring.swift in Sources */,
				A7008B712928088300779CB6 /* APIServiceProtocol.swift in Sources */,
				A7DA2D59291AD2FA002D7EA1 /* PodcastApp.xcdatamodeld in Sources */,
				A7DA2D5B291AD2FA002D7EA1 /* ContentView.swift in Sources */,
				A7008B732928119900779CB6 /* ApiService.swift in Sources */,
				A7E7C49B291D2AC400A7815F /* Genre.swift in Sources */,
				A7CF4600292AED1900A31DDE /* Log.swift in Sources */,
				A7E7C4A2291D3A5200A7815F /* GenreViewModel.swift in Sources */,
				A7DA2D56291AD2FA002D7EA1 /* Persistence.swift in Sources */,
				A768141B29268FF500B23F55 /* default.swift in Sources */,
				A700A65B29301EFC00C40B1F /* AppEnviroment.swift in Sources */,
				A7FFA6A22920C48400279C24 /* String+.swift in Sources */,
				A70578F629324A7F0091E38F /* Store.swift in Sources */,
				A7C521BE2926F3FE00A6C5B5 /* ConfigParser.swift in Sources */,
				A7FFA6A02920C42900279C24 /* Date+.swift in Sources */,
				A7E7C4A0291D366E00A7815F /* EpisodeViewModel.swift in Sources */,
				A7AFA1D6291D0261007A1393 /* Podcast.swift in Sources */,
			);
			runOnlyForDeploymentPostprocessing = 0;
		};
		A7DA2D67291AD44D002D7EA1 /* Sources */ = {
			isa = PBXSourcesBuildPhase;
			buildActionMask = 2147483647;
			files = (
				A7DA2D70291AD44D002D7EA1 /* ContentView.swift in Sources */,
				A7DA2D6E291AD44D002D7EA1 /* watchOSApp.swift in Sources */,
			);
			runOnlyForDeploymentPostprocessing = 0;
		};
/* End PBXSourcesBuildPhase section */

/* Begin XCBuildConfiguration section */
		A7DA2D62291AD2FB002D7EA1 /* Debug */ = {
			isa = XCBuildConfiguration;
			baseConfigurationReference = A7DA2D8C291ADADA002D7EA1 /* Production.xcconfig */;
			buildSettings = {
				ALWAYS_SEARCH_USER_PATHS = NO;
				CLANG_ANALYZER_NONNULL = YES;
				CLANG_ANALYZER_NUMBER_OBJECT_CONVERSION = YES_AGGRESSIVE;
				CLANG_CXX_LANGUAGE_STANDARD = "gnu++20";
				CLANG_ENABLE_MODULES = YES;
				CLANG_ENABLE_OBJC_ARC = YES;
				CLANG_ENABLE_OBJC_WEAK = YES;
				CLANG_WARN_BLOCK_CAPTURE_AUTORELEASING = YES;
				CLANG_WARN_BOOL_CONVERSION = YES;
				CLANG_WARN_COMMA = YES;
				CLANG_WARN_CONSTANT_CONVERSION = YES;
				CLANG_WARN_DEPRECATED_OBJC_IMPLEMENTATIONS = YES;
				CLANG_WARN_DIRECT_OBJC_ISA_USAGE = YES_ERROR;
				CLANG_WARN_DOCUMENTATION_COMMENTS = YES;
				CLANG_WARN_EMPTY_BODY = YES;
				CLANG_WARN_ENUM_CONVERSION = YES;
				CLANG_WARN_INFINITE_RECURSION = YES;
				CLANG_WARN_INT_CONVERSION = YES;
				CLANG_WARN_NON_LITERAL_NULL_CONVERSION = YES;
				CLANG_WARN_OBJC_IMPLICIT_RETAIN_SELF = YES;
				CLANG_WARN_OBJC_LITERAL_CONVERSION = YES;
				CLANG_WARN_OBJC_ROOT_CLASS = YES_ERROR;
				CLANG_WARN_QUOTED_INCLUDE_IN_FRAMEWORK_HEADER = YES;
				CLANG_WARN_RANGE_LOOP_ANALYSIS = YES;
				CLANG_WARN_STRICT_PROTOTYPES = YES;
				CLANG_WARN_SUSPICIOUS_MOVE = YES;
				CLANG_WARN_UNGUARDED_AVAILABILITY = YES_AGGRESSIVE;
				CLANG_WARN_UNREACHABLE_CODE = YES;
				CLANG_WARN__DUPLICATE_METHOD_MATCH = YES;
				COPY_PHASE_STRIP = NO;
				DEBUG_INFORMATION_FORMAT = dwarf;
				ENABLE_STRICT_OBJC_MSGSEND = YES;
				ENABLE_TESTABILITY = YES;
				GCC_C_LANGUAGE_STANDARD = gnu11;
				GCC_DYNAMIC_NO_PIC = NO;
				GCC_NO_COMMON_BLOCKS = YES;
				GCC_OPTIMIZATION_LEVEL = 0;
				GCC_PREPROCESSOR_DEFINITIONS = (
					"DEBUG=1",
					"$(inherited)",
				);
				GCC_WARN_64_TO_32_BIT_CONVERSION = YES;
				GCC_WARN_ABOUT_RETURN_TYPE = YES_ERROR;
				GCC_WARN_UNDECLARED_SELECTOR = YES;
				GCC_WARN_UNINITIALIZED_AUTOS = YES_AGGRESSIVE;
				GCC_WARN_UNUSED_FUNCTION = YES;
				GCC_WARN_UNUSED_VARIABLE = YES;
				MTL_ENABLE_DEBUG_INFO = INCLUDE_SOURCE;
				MTL_FAST_MATH = YES;
				ONLY_ACTIVE_ARCH = YES;
				SWIFT_ACTIVE_COMPILATION_CONDITIONS = DEBUG;
				SWIFT_OPTIMIZATION_LEVEL = "-Onone";
			};
			name = Debug;
		};
		A7DA2D63291AD2FB002D7EA1 /* Release */ = {
			isa = XCBuildConfiguration;
			baseConfigurationReference = A7DA2D8C291ADADA002D7EA1 /* Production.xcconfig */;
			buildSettings = {
				ALWAYS_SEARCH_USER_PATHS = NO;
				CLANG_ANALYZER_NONNULL = YES;
				CLANG_ANALYZER_NUMBER_OBJECT_CONVERSION = YES_AGGRESSIVE;
				CLANG_CXX_LANGUAGE_STANDARD = "gnu++20";
				CLANG_ENABLE_MODULES = YES;
				CLANG_ENABLE_OBJC_ARC = YES;
				CLANG_ENABLE_OBJC_WEAK = YES;
				CLANG_WARN_BLOCK_CAPTURE_AUTORELEASING = YES;
				CLANG_WARN_BOOL_CONVERSION = YES;
				CLANG_WARN_COMMA = YES;
				CLANG_WARN_CONSTANT_CONVERSION = YES;
				CLANG_WARN_DEPRECATED_OBJC_IMPLEMENTATIONS = YES;
				CLANG_WARN_DIRECT_OBJC_ISA_USAGE = YES_ERROR;
				CLANG_WARN_DOCUMENTATION_COMMENTS = YES;
				CLANG_WARN_EMPTY_BODY = YES;
				CLANG_WARN_ENUM_CONVERSION = YES;
				CLANG_WARN_INFINITE_RECURSION = YES;
				CLANG_WARN_INT_CONVERSION = YES;
				CLANG_WARN_NON_LITERAL_NULL_CONVERSION = YES;
				CLANG_WARN_OBJC_IMPLICIT_RETAIN_SELF = YES;
				CLANG_WARN_OBJC_LITERAL_CONVERSION = YES;
				CLANG_WARN_OBJC_ROOT_CLASS = YES_ERROR;
				CLANG_WARN_QUOTED_INCLUDE_IN_FRAMEWORK_HEADER = YES;
				CLANG_WARN_RANGE_LOOP_ANALYSIS = YES;
				CLANG_WARN_STRICT_PROTOTYPES = YES;
				CLANG_WARN_SUSPICIOUS_MOVE = YES;
				CLANG_WARN_UNGUARDED_AVAILABILITY = YES_AGGRESSIVE;
				CLANG_WARN_UNREACHABLE_CODE = YES;
				CLANG_WARN__DUPLICATE_METHOD_MATCH = YES;
				COPY_PHASE_STRIP = NO;
				DEBUG_INFORMATION_FORMAT = "dwarf-with-dsym";
				ENABLE_NS_ASSERTIONS = NO;
				ENABLE_STRICT_OBJC_MSGSEND = YES;
				GCC_C_LANGUAGE_STANDARD = gnu11;
				GCC_NO_COMMON_BLOCKS = YES;
				GCC_WARN_64_TO_32_BIT_CONVERSION = YES;
				GCC_WARN_ABOUT_RETURN_TYPE = YES_ERROR;
				GCC_WARN_UNDECLARED_SELECTOR = YES;
				GCC_WARN_UNINITIALIZED_AUTOS = YES_AGGRESSIVE;
				GCC_WARN_UNUSED_FUNCTION = YES;
				GCC_WARN_UNUSED_VARIABLE = YES;
				MTL_ENABLE_DEBUG_INFO = NO;
				MTL_FAST_MATH = YES;
				SWIFT_COMPILATION_MODE = wholemodule;
				SWIFT_OPTIMIZATION_LEVEL = "-O";
			};
			name = Release;
		};
		A7DA2D65291AD2FB002D7EA1 /* Debug */ = {
			isa = XCBuildConfiguration;
			baseConfigurationReference = A7DA2D8C291ADADA002D7EA1 /* Production.xcconfig */;
			buildSettings = {
				ASSETCATALOG_COMPILER_APPICON_NAME = AppIcon;
				ASSETCATALOG_COMPILER_GLOBAL_ACCENT_COLOR_NAME = AccentColor;
				CODE_SIGN_ENTITLEMENTS = PodcastApp/PodcastApp.entitlements;
				CODE_SIGN_STYLE = Automatic;
				CURRENT_PROJECT_VERSION = 1;
				DEVELOPMENT_ASSET_PATHS = "\"PodcastApp/Preview Content\"";
				DEVELOPMENT_TEAM = 4Q6S759NWS;
				ENABLE_HARDENED_RUNTIME = YES;
				ENABLE_PREVIEWS = YES;
				GENERATE_INFOPLIST_FILE = YES;
				INFOPLIST_FILE = PodcastApp/Info.plist;
				"INFOPLIST_KEY_UIApplicationSceneManifest_Generation[sdk=iphoneos*]" = YES;
				"INFOPLIST_KEY_UIApplicationSceneManifest_Generation[sdk=iphonesimulator*]" = YES;
				"INFOPLIST_KEY_UIApplicationSupportsIndirectInputEvents[sdk=iphoneos*]" = YES;
				"INFOPLIST_KEY_UIApplicationSupportsIndirectInputEvents[sdk=iphonesimulator*]" = YES;
				"INFOPLIST_KEY_UILaunchScreen_Generation[sdk=iphoneos*]" = YES;
				"INFOPLIST_KEY_UILaunchScreen_Generation[sdk=iphonesimulator*]" = YES;
				"INFOPLIST_KEY_UIStatusBarStyle[sdk=iphoneos*]" = UIStatusBarStyleDefault;
				"INFOPLIST_KEY_UIStatusBarStyle[sdk=iphonesimulator*]" = UIStatusBarStyleDefault;
				INFOPLIST_KEY_UISupportedInterfaceOrientations_iPad = "UIInterfaceOrientationPortrait UIInterfaceOrientationPortraitUpsideDown UIInterfaceOrientationLandscapeLeft UIInterfaceOrientationLandscapeRight";
				INFOPLIST_KEY_UISupportedInterfaceOrientations_iPhone = "UIInterfaceOrientationPortrait UIInterfaceOrientationLandscapeLeft UIInterfaceOrientationLandscapeRight";
				IPHONEOS_DEPLOYMENT_TARGET = 14.0;
				LD_RUNPATH_SEARCH_PATHS = "@executable_path/Frameworks";
				"LD_RUNPATH_SEARCH_PATHS[sdk=macosx*]" = "@executable_path/../Frameworks";
				MACOSX_DEPLOYMENT_TARGET = 11.0;
				MARKETING_VERSION = 1.0;
				PRODUCT_BUNDLE_IDENTIFIER = Temi.PodcastApp;
				PRODUCT_NAME = "$(TARGET_NAME)";
				SDKROOT = auto;
				SUPPORTED_PLATFORMS = "iphoneos iphonesimulator macosx";
				SWIFT_EMIT_LOC_STRINGS = YES;
				SWIFT_VERSION = 5.0;
				TARGETED_DEVICE_FAMILY = "1,2";
			};
			name = Debug;
		};
		A7DA2D66291AD2FB002D7EA1 /* Release */ = {
			isa = XCBuildConfiguration;
			baseConfigurationReference = A7DA2D8C291ADADA002D7EA1 /* Production.xcconfig */;
			buildSettings = {
				ASSETCATALOG_COMPILER_APPICON_NAME = AppIcon;
				ASSETCATALOG_COMPILER_GLOBAL_ACCENT_COLOR_NAME = AccentColor;
				CODE_SIGN_ENTITLEMENTS = PodcastApp/PodcastApp.entitlements;
				CODE_SIGN_STYLE = Automatic;
				CURRENT_PROJECT_VERSION = 1;
				DEVELOPMENT_ASSET_PATHS = "\"PodcastApp/Preview Content\"";
				DEVELOPMENT_TEAM = 4Q6S759NWS;
				ENABLE_HARDENED_RUNTIME = YES;
				ENABLE_PREVIEWS = YES;
				GENERATE_INFOPLIST_FILE = YES;
				INFOPLIST_FILE = PodcastApp/Info.plist;
				"INFOPLIST_KEY_UIApplicationSceneManifest_Generation[sdk=iphoneos*]" = YES;
				"INFOPLIST_KEY_UIApplicationSceneManifest_Generation[sdk=iphonesimulator*]" = YES;
				"INFOPLIST_KEY_UIApplicationSupportsIndirectInputEvents[sdk=iphoneos*]" = YES;
				"INFOPLIST_KEY_UIApplicationSupportsIndirectInputEvents[sdk=iphonesimulator*]" = YES;
				"INFOPLIST_KEY_UILaunchScreen_Generation[sdk=iphoneos*]" = YES;
				"INFOPLIST_KEY_UILaunchScreen_Generation[sdk=iphonesimulator*]" = YES;
				"INFOPLIST_KEY_UIStatusBarStyle[sdk=iphoneos*]" = UIStatusBarStyleDefault;
				"INFOPLIST_KEY_UIStatusBarStyle[sdk=iphonesimulator*]" = UIStatusBarStyleDefault;
				INFOPLIST_KEY_UISupportedInterfaceOrientations_iPad = "UIInterfaceOrientationPortrait UIInterfaceOrientationPortraitUpsideDown UIInterfaceOrientationLandscapeLeft UIInterfaceOrientationLandscapeRight";
				INFOPLIST_KEY_UISupportedInterfaceOrientations_iPhone = "UIInterfaceOrientationPortrait UIInterfaceOrientationLandscapeLeft UIInterfaceOrientationLandscapeRight";
				IPHONEOS_DEPLOYMENT_TARGET = 14.0;
				LD_RUNPATH_SEARCH_PATHS = "@executable_path/Frameworks";
				"LD_RUNPATH_SEARCH_PATHS[sdk=macosx*]" = "@executable_path/../Frameworks";
				MACOSX_DEPLOYMENT_TARGET = 11.0;
				MARKETING_VERSION = 1.0;
				PRODUCT_BUNDLE_IDENTIFIER = Temi.PodcastApp;
				PRODUCT_NAME = "$(TARGET_NAME)";
				SDKROOT = auto;
				SUPPORTED_PLATFORMS = "iphoneos iphonesimulator macosx";
				SWIFT_EMIT_LOC_STRINGS = YES;
				SWIFT_VERSION = 5.0;
				TARGETED_DEVICE_FAMILY = "1,2";
			};
			name = Release;
		};
		A7DA2D77291AD450002D7EA1 /* Debug */ = {
			isa = XCBuildConfiguration;
			baseConfigurationReference = A7DA2D8C291ADADA002D7EA1 /* Production.xcconfig */;
			buildSettings = {
				ASSETCATALOG_COMPILER_APPICON_NAME = AppIcon;
				ASSETCATALOG_COMPILER_GLOBAL_ACCENT_COLOR_NAME = AccentColor;
				CODE_SIGN_STYLE = Automatic;
				CURRENT_PROJECT_VERSION = 1;
				DEVELOPMENT_ASSET_PATHS = "\"watchOS Watch App/Preview Content\"";
				DEVELOPMENT_TEAM = 4Q6S759NWS;
				ENABLE_PREVIEWS = YES;
				GENERATE_INFOPLIST_FILE = YES;
				INFOPLIST_KEY_CFBundleDisplayName = "$(APP_NAME)";
				INFOPLIST_KEY_UISupportedInterfaceOrientations = "UIInterfaceOrientationPortrait UIInterfaceOrientationPortraitUpsideDown";
				INFOPLIST_KEY_WKCompanionAppBundleIdentifier = "$(APP_BUNDLE_IDENTIFIER)";
				INFOPLIST_KEY_WKRunsIndependentlyOfCompanionApp = YES;
				LD_RUNPATH_SEARCH_PATHS = (
					"$(inherited)",
					"@executable_path/Frameworks",
				);
				MARKETING_VERSION = 1.0;
				PRODUCT_BUNDLE_IDENTIFIER = .watchkitapp;
				PRODUCT_NAME = "$(TARGET_NAME)";
				SDKROOT = watchos;
				SKIP_INSTALL = YES;
				SWIFT_EMIT_LOC_STRINGS = YES;
				SWIFT_VERSION = 5.0;
				TARGETED_DEVICE_FAMILY = 4;
				WATCHOS_DEPLOYMENT_TARGET = 9.1;
			};
			name = Debug;
		};
		A7DA2D78291AD450002D7EA1 /* Release */ = {
			isa = XCBuildConfiguration;
			baseConfigurationReference = A7DA2D8C291ADADA002D7EA1 /* Production.xcconfig */;
			buildSettings = {
				ASSETCATALOG_COMPILER_APPICON_NAME = AppIcon;
				ASSETCATALOG_COMPILER_GLOBAL_ACCENT_COLOR_NAME = AccentColor;
				CODE_SIGN_STYLE = Automatic;
				CURRENT_PROJECT_VERSION = 1;
				DEVELOPMENT_ASSET_PATHS = "\"watchOS Watch App/Preview Content\"";
				DEVELOPMENT_TEAM = 4Q6S759NWS;
				ENABLE_PREVIEWS = YES;
				GENERATE_INFOPLIST_FILE = YES;
				INFOPLIST_KEY_CFBundleDisplayName = "$(APP_NAME)";
				INFOPLIST_KEY_UISupportedInterfaceOrientations = "UIInterfaceOrientationPortrait UIInterfaceOrientationPortraitUpsideDown";
				INFOPLIST_KEY_WKCompanionAppBundleIdentifier = "$(APP_BUNDLE_IDENTIFIER)";
				INFOPLIST_KEY_WKRunsIndependentlyOfCompanionApp = YES;
				LD_RUNPATH_SEARCH_PATHS = (
					"$(inherited)",
					"@executable_path/Frameworks",
				);
				MARKETING_VERSION = 1.0;
				PRODUCT_BUNDLE_IDENTIFIER = .watchkitapp;
				PRODUCT_NAME = "$(TARGET_NAME)";
				SDKROOT = watchos;
				SKIP_INSTALL = YES;
				SWIFT_EMIT_LOC_STRINGS = YES;
				SWIFT_VERSION = 5.0;
				TARGETED_DEVICE_FAMILY = 4;
				VALIDATE_PRODUCT = YES;
				WATCHOS_DEPLOYMENT_TARGET = 9.1;
			};
			name = Release;
		};
		A7DA2D79291AD549002D7EA1 /* Debug.development */ = {
			isa = XCBuildConfiguration;
			baseConfigurationReference = A7DA2D86291ADA97002D7EA1 /* Development.xcconfig */;
			buildSettings = {
				ALWAYS_SEARCH_USER_PATHS = NO;
				CLANG_ANALYZER_NONNULL = YES;
				CLANG_ANALYZER_NUMBER_OBJECT_CONVERSION = YES_AGGRESSIVE;
				CLANG_CXX_LANGUAGE_STANDARD = "gnu++20";
				CLANG_ENABLE_MODULES = YES;
				CLANG_ENABLE_OBJC_ARC = YES;
				CLANG_ENABLE_OBJC_WEAK = YES;
				CLANG_WARN_BLOCK_CAPTURE_AUTORELEASING = YES;
				CLANG_WARN_BOOL_CONVERSION = YES;
				CLANG_WARN_COMMA = YES;
				CLANG_WARN_CONSTANT_CONVERSION = YES;
				CLANG_WARN_DEPRECATED_OBJC_IMPLEMENTATIONS = YES;
				CLANG_WARN_DIRECT_OBJC_ISA_USAGE = YES_ERROR;
				CLANG_WARN_DOCUMENTATION_COMMENTS = YES;
				CLANG_WARN_EMPTY_BODY = YES;
				CLANG_WARN_ENUM_CONVERSION = YES;
				CLANG_WARN_INFINITE_RECURSION = YES;
				CLANG_WARN_INT_CONVERSION = YES;
				CLANG_WARN_NON_LITERAL_NULL_CONVERSION = YES;
				CLANG_WARN_OBJC_IMPLICIT_RETAIN_SELF = YES;
				CLANG_WARN_OBJC_LITERAL_CONVERSION = YES;
				CLANG_WARN_OBJC_ROOT_CLASS = YES_ERROR;
				CLANG_WARN_QUOTED_INCLUDE_IN_FRAMEWORK_HEADER = YES;
				CLANG_WARN_RANGE_LOOP_ANALYSIS = YES;
				CLANG_WARN_STRICT_PROTOTYPES = YES;
				CLANG_WARN_SUSPICIOUS_MOVE = YES;
				CLANG_WARN_UNGUARDED_AVAILABILITY = YES_AGGRESSIVE;
				CLANG_WARN_UNREACHABLE_CODE = YES;
				CLANG_WARN__DUPLICATE_METHOD_MATCH = YES;
				COPY_PHASE_STRIP = NO;
				DEBUG_INFORMATION_FORMAT = dwarf;
				ENABLE_STRICT_OBJC_MSGSEND = YES;
				ENABLE_TESTABILITY = YES;
				GCC_C_LANGUAGE_STANDARD = gnu11;
				GCC_DYNAMIC_NO_PIC = NO;
				GCC_NO_COMMON_BLOCKS = YES;
				GCC_OPTIMIZATION_LEVEL = 0;
				GCC_PREPROCESSOR_DEFINITIONS = (
					"DEBUG=1",
					"$(inherited)",
				);
				GCC_WARN_64_TO_32_BIT_CONVERSION = YES;
				GCC_WARN_ABOUT_RETURN_TYPE = YES_ERROR;
				GCC_WARN_UNDECLARED_SELECTOR = YES;
				GCC_WARN_UNINITIALIZED_AUTOS = YES_AGGRESSIVE;
				GCC_WARN_UNUSED_FUNCTION = YES;
				GCC_WARN_UNUSED_VARIABLE = YES;
				MTL_ENABLE_DEBUG_INFO = INCLUDE_SOURCE;
				MTL_FAST_MATH = YES;
				ONLY_ACTIVE_ARCH = YES;
				SWIFT_ACTIVE_COMPILATION_CONDITIONS = DEBUG;
				SWIFT_OPTIMIZATION_LEVEL = "-Onone";
			};
			name = Debug.development;
		};
		A7DA2D7A291AD549002D7EA1 /* Debug.development */ = {
			isa = XCBuildConfiguration;
			baseConfigurationReference = A7DA2D86291ADA97002D7EA1 /* Development.xcconfig */;
			buildSettings = {
				ASSETCATALOG_COMPILER_APPICON_NAME = AppIcon;
				ASSETCATALOG_COMPILER_GLOBAL_ACCENT_COLOR_NAME = AccentColor;
				CODE_SIGN_ENTITLEMENTS = PodcastApp/PodcastApp.entitlements;
				CODE_SIGN_STYLE = Automatic;
				CURRENT_PROJECT_VERSION = 1;
				DEVELOPMENT_ASSET_PATHS = "\"PodcastApp/Preview Content\"";
				DEVELOPMENT_TEAM = 4Q6S759NWS;
				ENABLE_HARDENED_RUNTIME = YES;
				ENABLE_PREVIEWS = YES;
				GENERATE_INFOPLIST_FILE = YES;
				INFOPLIST_FILE = PodcastApp/Info.plist;
				"INFOPLIST_KEY_UIApplicationSceneManifest_Generation[sdk=iphoneos*]" = YES;
				"INFOPLIST_KEY_UIApplicationSceneManifest_Generation[sdk=iphonesimulator*]" = YES;
				"INFOPLIST_KEY_UIApplicationSupportsIndirectInputEvents[sdk=iphoneos*]" = YES;
				"INFOPLIST_KEY_UIApplicationSupportsIndirectInputEvents[sdk=iphonesimulator*]" = YES;
				"INFOPLIST_KEY_UILaunchScreen_Generation[sdk=iphoneos*]" = YES;
				"INFOPLIST_KEY_UILaunchScreen_Generation[sdk=iphonesimulator*]" = YES;
				"INFOPLIST_KEY_UIStatusBarStyle[sdk=iphoneos*]" = UIStatusBarStyleDefault;
				"INFOPLIST_KEY_UIStatusBarStyle[sdk=iphonesimulator*]" = UIStatusBarStyleDefault;
				INFOPLIST_KEY_UISupportedInterfaceOrientations_iPad = "UIInterfaceOrientationPortrait UIInterfaceOrientationPortraitUpsideDown UIInterfaceOrientationLandscapeLeft UIInterfaceOrientationLandscapeRight";
				INFOPLIST_KEY_UISupportedInterfaceOrientations_iPhone = "UIInterfaceOrientationPortrait UIInterfaceOrientationLandscapeLeft UIInterfaceOrientationLandscapeRight";
				IPHONEOS_DEPLOYMENT_TARGET = 14.0;
				LD_RUNPATH_SEARCH_PATHS = "@executable_path/Frameworks";
				"LD_RUNPATH_SEARCH_PATHS[sdk=macosx*]" = "@executable_path/../Frameworks";
				MACOSX_DEPLOYMENT_TARGET = 11.0;
				MARKETING_VERSION = 1.0;
				PRODUCT_BUNDLE_IDENTIFIER = Temi.PodcastApp;
				PRODUCT_NAME = "$(TARGET_NAME)";
				SDKROOT = auto;
				SUPPORTED_PLATFORMS = "iphoneos iphonesimulator macosx";
				SWIFT_EMIT_LOC_STRINGS = YES;
				SWIFT_VERSION = 5.0;
				TARGETED_DEVICE_FAMILY = "1,2";
			};
			name = Debug.development;
		};
		A7DA2D7B291AD549002D7EA1 /* Debug.development */ = {
			isa = XCBuildConfiguration;
			baseConfigurationReference = A7DA2D86291ADA97002D7EA1 /* Development.xcconfig */;
			buildSettings = {
				ASSETCATALOG_COMPILER_APPICON_NAME = AppIcon;
				ASSETCATALOG_COMPILER_GLOBAL_ACCENT_COLOR_NAME = AccentColor;
				CODE_SIGN_STYLE = Automatic;
				CURRENT_PROJECT_VERSION = 1;
				DEVELOPMENT_ASSET_PATHS = "\"watchOS Watch App/Preview Content\"";
				DEVELOPMENT_TEAM = 4Q6S759NWS;
				ENABLE_PREVIEWS = YES;
				GENERATE_INFOPLIST_FILE = YES;
				INFOPLIST_KEY_CFBundleDisplayName = "$(APP_NAME)";
				INFOPLIST_KEY_UISupportedInterfaceOrientations = "UIInterfaceOrientationPortrait UIInterfaceOrientationPortraitUpsideDown";
				INFOPLIST_KEY_WKCompanionAppBundleIdentifier = "$(APP_BUNDLE_IDENTIFIER)";
				INFOPLIST_KEY_WKRunsIndependentlyOfCompanionApp = YES;
				LD_RUNPATH_SEARCH_PATHS = (
					"$(inherited)",
					"@executable_path/Frameworks",
				);
				MARKETING_VERSION = 1.0;
				PRODUCT_BUNDLE_IDENTIFIER = .watchkitapp;
				PRODUCT_NAME = "$(TARGET_NAME)";
				SDKROOT = watchos;
				SKIP_INSTALL = YES;
				SWIFT_EMIT_LOC_STRINGS = YES;
				SWIFT_VERSION = 5.0;
				TARGETED_DEVICE_FAMILY = 4;
				WATCHOS_DEPLOYMENT_TARGET = 9.1;
			};
			name = Debug.development;
		};
		A7DA2D7C291AD56F002D7EA1 /* Debug.staging */ = {
			isa = XCBuildConfiguration;
			baseConfigurationReference = A7DA2D89291ADAB6002D7EA1 /* Staging.xcconfig */;
			buildSettings = {
				ALWAYS_SEARCH_USER_PATHS = NO;
				CLANG_ANALYZER_NONNULL = YES;
				CLANG_ANALYZER_NUMBER_OBJECT_CONVERSION = YES_AGGRESSIVE;
				CLANG_CXX_LANGUAGE_STANDARD = "gnu++20";
				CLANG_ENABLE_MODULES = YES;
				CLANG_ENABLE_OBJC_ARC = YES;
				CLANG_ENABLE_OBJC_WEAK = YES;
				CLANG_WARN_BLOCK_CAPTURE_AUTORELEASING = YES;
				CLANG_WARN_BOOL_CONVERSION = YES;
				CLANG_WARN_COMMA = YES;
				CLANG_WARN_CONSTANT_CONVERSION = YES;
				CLANG_WARN_DEPRECATED_OBJC_IMPLEMENTATIONS = YES;
				CLANG_WARN_DIRECT_OBJC_ISA_USAGE = YES_ERROR;
				CLANG_WARN_DOCUMENTATION_COMMENTS = YES;
				CLANG_WARN_EMPTY_BODY = YES;
				CLANG_WARN_ENUM_CONVERSION = YES;
				CLANG_WARN_INFINITE_RECURSION = YES;
				CLANG_WARN_INT_CONVERSION = YES;
				CLANG_WARN_NON_LITERAL_NULL_CONVERSION = YES;
				CLANG_WARN_OBJC_IMPLICIT_RETAIN_SELF = YES;
				CLANG_WARN_OBJC_LITERAL_CONVERSION = YES;
				CLANG_WARN_OBJC_ROOT_CLASS = YES_ERROR;
				CLANG_WARN_QUOTED_INCLUDE_IN_FRAMEWORK_HEADER = YES;
				CLANG_WARN_RANGE_LOOP_ANALYSIS = YES;
				CLANG_WARN_STRICT_PROTOTYPES = YES;
				CLANG_WARN_SUSPICIOUS_MOVE = YES;
				CLANG_WARN_UNGUARDED_AVAILABILITY = YES_AGGRESSIVE;
				CLANG_WARN_UNREACHABLE_CODE = YES;
				CLANG_WARN__DUPLICATE_METHOD_MATCH = YES;
				COPY_PHASE_STRIP = NO;
				DEBUG_INFORMATION_FORMAT = dwarf;
				ENABLE_STRICT_OBJC_MSGSEND = YES;
				ENABLE_TESTABILITY = YES;
				GCC_C_LANGUAGE_STANDARD = gnu11;
				GCC_DYNAMIC_NO_PIC = NO;
				GCC_NO_COMMON_BLOCKS = YES;
				GCC_OPTIMIZATION_LEVEL = 0;
				GCC_PREPROCESSOR_DEFINITIONS = (
					"DEBUG=1",
					"$(inherited)",
				);
				GCC_WARN_64_TO_32_BIT_CONVERSION = YES;
				GCC_WARN_ABOUT_RETURN_TYPE = YES_ERROR;
				GCC_WARN_UNDECLARED_SELECTOR = YES;
				GCC_WARN_UNINITIALIZED_AUTOS = YES_AGGRESSIVE;
				GCC_WARN_UNUSED_FUNCTION = YES;
				GCC_WARN_UNUSED_VARIABLE = YES;
				MTL_ENABLE_DEBUG_INFO = INCLUDE_SOURCE;
				MTL_FAST_MATH = YES;
				ONLY_ACTIVE_ARCH = YES;
				SWIFT_ACTIVE_COMPILATION_CONDITIONS = DEBUG;
				SWIFT_OPTIMIZATION_LEVEL = "-Onone";
			};
			name = Debug.staging;
		};
		A7DA2D7D291AD56F002D7EA1 /* Debug.staging */ = {
			isa = XCBuildConfiguration;
			baseConfigurationReference = A7DA2D89291ADAB6002D7EA1 /* Staging.xcconfig */;
			buildSettings = {
				ASSETCATALOG_COMPILER_APPICON_NAME = AppIcon;
				ASSETCATALOG_COMPILER_GLOBAL_ACCENT_COLOR_NAME = AccentColor;
				CODE_SIGN_ENTITLEMENTS = PodcastApp/PodcastApp.entitlements;
				CODE_SIGN_STYLE = Automatic;
				CURRENT_PROJECT_VERSION = 1;
				DEVELOPMENT_ASSET_PATHS = "\"PodcastApp/Preview Content\"";
				DEVELOPMENT_TEAM = 4Q6S759NWS;
				ENABLE_HARDENED_RUNTIME = YES;
				ENABLE_PREVIEWS = YES;
				GENERATE_INFOPLIST_FILE = YES;
				INFOPLIST_FILE = PodcastApp/Info.plist;
				"INFOPLIST_KEY_UIApplicationSceneManifest_Generation[sdk=iphoneos*]" = YES;
				"INFOPLIST_KEY_UIApplicationSceneManifest_Generation[sdk=iphonesimulator*]" = YES;
				"INFOPLIST_KEY_UIApplicationSupportsIndirectInputEvents[sdk=iphoneos*]" = YES;
				"INFOPLIST_KEY_UIApplicationSupportsIndirectInputEvents[sdk=iphonesimulator*]" = YES;
				"INFOPLIST_KEY_UILaunchScreen_Generation[sdk=iphoneos*]" = YES;
				"INFOPLIST_KEY_UILaunchScreen_Generation[sdk=iphonesimulator*]" = YES;
				"INFOPLIST_KEY_UIStatusBarStyle[sdk=iphoneos*]" = UIStatusBarStyleDefault;
				"INFOPLIST_KEY_UIStatusBarStyle[sdk=iphonesimulator*]" = UIStatusBarStyleDefault;
				INFOPLIST_KEY_UISupportedInterfaceOrientations_iPad = "UIInterfaceOrientationPortrait UIInterfaceOrientationPortraitUpsideDown UIInterfaceOrientationLandscapeLeft UIInterfaceOrientationLandscapeRight";
				INFOPLIST_KEY_UISupportedInterfaceOrientations_iPhone = "UIInterfaceOrientationPortrait UIInterfaceOrientationLandscapeLeft UIInterfaceOrientationLandscapeRight";
				IPHONEOS_DEPLOYMENT_TARGET = 14.0;
				LD_RUNPATH_SEARCH_PATHS = "@executable_path/Frameworks";
				"LD_RUNPATH_SEARCH_PATHS[sdk=macosx*]" = "@executable_path/../Frameworks";
				MACOSX_DEPLOYMENT_TARGET = 11.0;
				MARKETING_VERSION = 1.0;
				PRODUCT_BUNDLE_IDENTIFIER = Temi.PodcastApp;
				PRODUCT_NAME = "$(TARGET_NAME)";
				SDKROOT = auto;
				SUPPORTED_PLATFORMS = "iphoneos iphonesimulator macosx";
				SWIFT_EMIT_LOC_STRINGS = YES;
				SWIFT_VERSION = 5.0;
				TARGETED_DEVICE_FAMILY = "1,2";
			};
			name = Debug.staging;
		};
		A7DA2D7E291AD56F002D7EA1 /* Debug.staging */ = {
			isa = XCBuildConfiguration;
			baseConfigurationReference = A7DA2D89291ADAB6002D7EA1 /* Staging.xcconfig */;
			buildSettings = {
				ASSETCATALOG_COMPILER_APPICON_NAME = AppIcon;
				ASSETCATALOG_COMPILER_GLOBAL_ACCENT_COLOR_NAME = AccentColor;
				CODE_SIGN_STYLE = Automatic;
				CURRENT_PROJECT_VERSION = 1;
				DEVELOPMENT_ASSET_PATHS = "\"watchOS Watch App/Preview Content\"";
				DEVELOPMENT_TEAM = 4Q6S759NWS;
				ENABLE_PREVIEWS = YES;
				GENERATE_INFOPLIST_FILE = YES;
				INFOPLIST_KEY_CFBundleDisplayName = "$(APP_NAME)";
				INFOPLIST_KEY_UISupportedInterfaceOrientations = "UIInterfaceOrientationPortrait UIInterfaceOrientationPortraitUpsideDown";
				INFOPLIST_KEY_WKCompanionAppBundleIdentifier = "$(APP_BUNDLE_IDENTIFIER)";
				INFOPLIST_KEY_WKRunsIndependentlyOfCompanionApp = YES;
				LD_RUNPATH_SEARCH_PATHS = (
					"$(inherited)",
					"@executable_path/Frameworks",
				);
				MARKETING_VERSION = 1.0;
				PRODUCT_BUNDLE_IDENTIFIER = .watchkitapp;
				PRODUCT_NAME = "$(TARGET_NAME)";
				SDKROOT = watchos;
				SKIP_INSTALL = YES;
				SWIFT_EMIT_LOC_STRINGS = YES;
				SWIFT_VERSION = 5.0;
				TARGETED_DEVICE_FAMILY = 4;
				WATCHOS_DEPLOYMENT_TARGET = 9.1;
			};
			name = Debug.staging;
		};
		A7DA2D7F291AD592002D7EA1 /* Release.development */ = {
			isa = XCBuildConfiguration;
			baseConfigurationReference = A7DA2D86291ADA97002D7EA1 /* Development.xcconfig */;
			buildSettings = {
				ALWAYS_SEARCH_USER_PATHS = NO;
				CLANG_ANALYZER_NONNULL = YES;
				CLANG_ANALYZER_NUMBER_OBJECT_CONVERSION = YES_AGGRESSIVE;
				CLANG_CXX_LANGUAGE_STANDARD = "gnu++20";
				CLANG_ENABLE_MODULES = YES;
				CLANG_ENABLE_OBJC_ARC = YES;
				CLANG_ENABLE_OBJC_WEAK = YES;
				CLANG_WARN_BLOCK_CAPTURE_AUTORELEASING = YES;
				CLANG_WARN_BOOL_CONVERSION = YES;
				CLANG_WARN_COMMA = YES;
				CLANG_WARN_CONSTANT_CONVERSION = YES;
				CLANG_WARN_DEPRECATED_OBJC_IMPLEMENTATIONS = YES;
				CLANG_WARN_DIRECT_OBJC_ISA_USAGE = YES_ERROR;
				CLANG_WARN_DOCUMENTATION_COMMENTS = YES;
				CLANG_WARN_EMPTY_BODY = YES;
				CLANG_WARN_ENUM_CONVERSION = YES;
				CLANG_WARN_INFINITE_RECURSION = YES;
				CLANG_WARN_INT_CONVERSION = YES;
				CLANG_WARN_NON_LITERAL_NULL_CONVERSION = YES;
				CLANG_WARN_OBJC_IMPLICIT_RETAIN_SELF = YES;
				CLANG_WARN_OBJC_LITERAL_CONVERSION = YES;
				CLANG_WARN_OBJC_ROOT_CLASS = YES_ERROR;
				CLANG_WARN_QUOTED_INCLUDE_IN_FRAMEWORK_HEADER = YES;
				CLANG_WARN_RANGE_LOOP_ANALYSIS = YES;
				CLANG_WARN_STRICT_PROTOTYPES = YES;
				CLANG_WARN_SUSPICIOUS_MOVE = YES;
				CLANG_WARN_UNGUARDED_AVAILABILITY = YES_AGGRESSIVE;
				CLANG_WARN_UNREACHABLE_CODE = YES;
				CLANG_WARN__DUPLICATE_METHOD_MATCH = YES;
				COPY_PHASE_STRIP = NO;
				DEBUG_INFORMATION_FORMAT = "dwarf-with-dsym";
				ENABLE_NS_ASSERTIONS = NO;
				ENABLE_STRICT_OBJC_MSGSEND = YES;
				GCC_C_LANGUAGE_STANDARD = gnu11;
				GCC_NO_COMMON_BLOCKS = YES;
				GCC_WARN_64_TO_32_BIT_CONVERSION = YES;
				GCC_WARN_ABOUT_RETURN_TYPE = YES_ERROR;
				GCC_WARN_UNDECLARED_SELECTOR = YES;
				GCC_WARN_UNINITIALIZED_AUTOS = YES_AGGRESSIVE;
				GCC_WARN_UNUSED_FUNCTION = YES;
				GCC_WARN_UNUSED_VARIABLE = YES;
				MTL_ENABLE_DEBUG_INFO = NO;
				MTL_FAST_MATH = YES;
				SWIFT_COMPILATION_MODE = wholemodule;
				SWIFT_OPTIMIZATION_LEVEL = "-O";
			};
			name = Release.development;
		};
		A7DA2D80291AD592002D7EA1 /* Release.development */ = {
			isa = XCBuildConfiguration;
			baseConfigurationReference = A7DA2D86291ADA97002D7EA1 /* Development.xcconfig */;
			buildSettings = {
				ASSETCATALOG_COMPILER_APPICON_NAME = AppIcon;
				ASSETCATALOG_COMPILER_GLOBAL_ACCENT_COLOR_NAME = AccentColor;
				CODE_SIGN_ENTITLEMENTS = PodcastApp/PodcastApp.entitlements;
				CODE_SIGN_STYLE = Automatic;
				CURRENT_PROJECT_VERSION = 1;
				DEVELOPMENT_ASSET_PATHS = "\"PodcastApp/Preview Content\"";
				DEVELOPMENT_TEAM = 4Q6S759NWS;
				ENABLE_HARDENED_RUNTIME = YES;
				ENABLE_PREVIEWS = YES;
				GENERATE_INFOPLIST_FILE = YES;
				INFOPLIST_FILE = PodcastApp/Info.plist;
				"INFOPLIST_KEY_UIApplicationSceneManifest_Generation[sdk=iphoneos*]" = YES;
				"INFOPLIST_KEY_UIApplicationSceneManifest_Generation[sdk=iphonesimulator*]" = YES;
				"INFOPLIST_KEY_UIApplicationSupportsIndirectInputEvents[sdk=iphoneos*]" = YES;
				"INFOPLIST_KEY_UIApplicationSupportsIndirectInputEvents[sdk=iphonesimulator*]" = YES;
				"INFOPLIST_KEY_UILaunchScreen_Generation[sdk=iphoneos*]" = YES;
				"INFOPLIST_KEY_UILaunchScreen_Generation[sdk=iphonesimulator*]" = YES;
				"INFOPLIST_KEY_UIStatusBarStyle[sdk=iphoneos*]" = UIStatusBarStyleDefault;
				"INFOPLIST_KEY_UIStatusBarStyle[sdk=iphonesimulator*]" = UIStatusBarStyleDefault;
				INFOPLIST_KEY_UISupportedInterfaceOrientations_iPad = "UIInterfaceOrientationPortrait UIInterfaceOrientationPortraitUpsideDown UIInterfaceOrientationLandscapeLeft UIInterfaceOrientationLandscapeRight";
				INFOPLIST_KEY_UISupportedInterfaceOrientations_iPhone = "UIInterfaceOrientationPortrait UIInterfaceOrientationLandscapeLeft UIInterfaceOrientationLandscapeRight";
				IPHONEOS_DEPLOYMENT_TARGET = 14.0;
				LD_RUNPATH_SEARCH_PATHS = "@executable_path/Frameworks";
				"LD_RUNPATH_SEARCH_PATHS[sdk=macosx*]" = "@executable_path/../Frameworks";
				MACOSX_DEPLOYMENT_TARGET = 11.0;
				MARKETING_VERSION = 1.0;
				PRODUCT_BUNDLE_IDENTIFIER = Temi.PodcastApp;
				PRODUCT_NAME = "$(TARGET_NAME)";
				SDKROOT = auto;
				SUPPORTED_PLATFORMS = "iphoneos iphonesimulator macosx";
				SWIFT_EMIT_LOC_STRINGS = YES;
				SWIFT_VERSION = 5.0;
				TARGETED_DEVICE_FAMILY = "1,2";
			};
			name = Release.development;
		};
		A7DA2D81291AD592002D7EA1 /* Release.development */ = {
			isa = XCBuildConfiguration;
			baseConfigurationReference = A7DA2D86291ADA97002D7EA1 /* Development.xcconfig */;
			buildSettings = {
				ASSETCATALOG_COMPILER_APPICON_NAME = AppIcon;
				ASSETCATALOG_COMPILER_GLOBAL_ACCENT_COLOR_NAME = AccentColor;
				CODE_SIGN_STYLE = Automatic;
				CURRENT_PROJECT_VERSION = 1;
				DEVELOPMENT_ASSET_PATHS = "\"watchOS Watch App/Preview Content\"";
				DEVELOPMENT_TEAM = 4Q6S759NWS;
				ENABLE_PREVIEWS = YES;
				GENERATE_INFOPLIST_FILE = YES;
				INFOPLIST_KEY_CFBundleDisplayName = "$(APP_NAME)";
				INFOPLIST_KEY_UISupportedInterfaceOrientations = "UIInterfaceOrientationPortrait UIInterfaceOrientationPortraitUpsideDown";
				INFOPLIST_KEY_WKCompanionAppBundleIdentifier = "$(APP_BUNDLE_IDENTIFIER)";
				INFOPLIST_KEY_WKRunsIndependentlyOfCompanionApp = YES;
				LD_RUNPATH_SEARCH_PATHS = (
					"$(inherited)",
					"@executable_path/Frameworks",
				);
				MARKETING_VERSION = 1.0;
				PRODUCT_BUNDLE_IDENTIFIER = .watchkitapp;
				PRODUCT_NAME = "$(TARGET_NAME)";
				SDKROOT = watchos;
				SKIP_INSTALL = YES;
				SWIFT_EMIT_LOC_STRINGS = YES;
				SWIFT_VERSION = 5.0;
				TARGETED_DEVICE_FAMILY = 4;
				VALIDATE_PRODUCT = YES;
				WATCHOS_DEPLOYMENT_TARGET = 9.1;
			};
			name = Release.development;
		};
		A7DA2D82291AD59D002D7EA1 /* Release.staging */ = {
			isa = XCBuildConfiguration;
			baseConfigurationReference = A7DA2D89291ADAB6002D7EA1 /* Staging.xcconfig */;
			buildSettings = {
				ALWAYS_SEARCH_USER_PATHS = NO;
				CLANG_ANALYZER_NONNULL = YES;
				CLANG_ANALYZER_NUMBER_OBJECT_CONVERSION = YES_AGGRESSIVE;
				CLANG_CXX_LANGUAGE_STANDARD = "gnu++20";
				CLANG_ENABLE_MODULES = YES;
				CLANG_ENABLE_OBJC_ARC = YES;
				CLANG_ENABLE_OBJC_WEAK = YES;
				CLANG_WARN_BLOCK_CAPTURE_AUTORELEASING = YES;
				CLANG_WARN_BOOL_CONVERSION = YES;
				CLANG_WARN_COMMA = YES;
				CLANG_WARN_CONSTANT_CONVERSION = YES;
				CLANG_WARN_DEPRECATED_OBJC_IMPLEMENTATIONS = YES;
				CLANG_WARN_DIRECT_OBJC_ISA_USAGE = YES_ERROR;
				CLANG_WARN_DOCUMENTATION_COMMENTS = YES;
				CLANG_WARN_EMPTY_BODY = YES;
				CLANG_WARN_ENUM_CONVERSION = YES;
				CLANG_WARN_INFINITE_RECURSION = YES;
				CLANG_WARN_INT_CONVERSION = YES;
				CLANG_WARN_NON_LITERAL_NULL_CONVERSION = YES;
				CLANG_WARN_OBJC_IMPLICIT_RETAIN_SELF = YES;
				CLANG_WARN_OBJC_LITERAL_CONVERSION = YES;
				CLANG_WARN_OBJC_ROOT_CLASS = YES_ERROR;
				CLANG_WARN_QUOTED_INCLUDE_IN_FRAMEWORK_HEADER = YES;
				CLANG_WARN_RANGE_LOOP_ANALYSIS = YES;
				CLANG_WARN_STRICT_PROTOTYPES = YES;
				CLANG_WARN_SUSPICIOUS_MOVE = YES;
				CLANG_WARN_UNGUARDED_AVAILABILITY = YES_AGGRESSIVE;
				CLANG_WARN_UNREACHABLE_CODE = YES;
				CLANG_WARN__DUPLICATE_METHOD_MATCH = YES;
				COPY_PHASE_STRIP = NO;
				DEBUG_INFORMATION_FORMAT = "dwarf-with-dsym";
				ENABLE_NS_ASSERTIONS = NO;
				ENABLE_STRICT_OBJC_MSGSEND = YES;
				GCC_C_LANGUAGE_STANDARD = gnu11;
				GCC_NO_COMMON_BLOCKS = YES;
				GCC_WARN_64_TO_32_BIT_CONVERSION = YES;
				GCC_WARN_ABOUT_RETURN_TYPE = YES_ERROR;
				GCC_WARN_UNDECLARED_SELECTOR = YES;
				GCC_WARN_UNINITIALIZED_AUTOS = YES_AGGRESSIVE;
				GCC_WARN_UNUSED_FUNCTION = YES;
				GCC_WARN_UNUSED_VARIABLE = YES;
				MTL_ENABLE_DEBUG_INFO = NO;
				MTL_FAST_MATH = YES;
				SWIFT_COMPILATION_MODE = wholemodule;
				SWIFT_OPTIMIZATION_LEVEL = "-O";
			};
			name = Release.staging;
		};
		A7DA2D83291AD59D002D7EA1 /* Release.staging */ = {
			isa = XCBuildConfiguration;
			baseConfigurationReference = A7DA2D89291ADAB6002D7EA1 /* Staging.xcconfig */;
			buildSettings = {
				ASSETCATALOG_COMPILER_APPICON_NAME = AppIcon;
				ASSETCATALOG_COMPILER_GLOBAL_ACCENT_COLOR_NAME = AccentColor;
				CODE_SIGN_ENTITLEMENTS = PodcastApp/PodcastApp.entitlements;
				CODE_SIGN_STYLE = Automatic;
				CURRENT_PROJECT_VERSION = 1;
				DEVELOPMENT_ASSET_PATHS = "\"PodcastApp/Preview Content\"";
				DEVELOPMENT_TEAM = 4Q6S759NWS;
				ENABLE_HARDENED_RUNTIME = YES;
				ENABLE_PREVIEWS = YES;
				GENERATE_INFOPLIST_FILE = YES;
				INFOPLIST_FILE = PodcastApp/Info.plist;
				"INFOPLIST_KEY_UIApplicationSceneManifest_Generation[sdk=iphoneos*]" = YES;
				"INFOPLIST_KEY_UIApplicationSceneManifest_Generation[sdk=iphonesimulator*]" = YES;
				"INFOPLIST_KEY_UIApplicationSupportsIndirectInputEvents[sdk=iphoneos*]" = YES;
				"INFOPLIST_KEY_UIApplicationSupportsIndirectInputEvents[sdk=iphonesimulator*]" = YES;
				"INFOPLIST_KEY_UILaunchScreen_Generation[sdk=iphoneos*]" = YES;
				"INFOPLIST_KEY_UILaunchScreen_Generation[sdk=iphonesimulator*]" = YES;
				"INFOPLIST_KEY_UIStatusBarStyle[sdk=iphoneos*]" = UIStatusBarStyleDefault;
				"INFOPLIST_KEY_UIStatusBarStyle[sdk=iphonesimulator*]" = UIStatusBarStyleDefault;
				INFOPLIST_KEY_UISupportedInterfaceOrientations_iPad = "UIInterfaceOrientationPortrait UIInterfaceOrientationPortraitUpsideDown UIInterfaceOrientationLandscapeLeft UIInterfaceOrientationLandscapeRight";
				INFOPLIST_KEY_UISupportedInterfaceOrientations_iPhone = "UIInterfaceOrientationPortrait UIInterfaceOrientationLandscapeLeft UIInterfaceOrientationLandscapeRight";
				IPHONEOS_DEPLOYMENT_TARGET = 14.0;
				LD_RUNPATH_SEARCH_PATHS = "@executable_path/Frameworks";
				"LD_RUNPATH_SEARCH_PATHS[sdk=macosx*]" = "@executable_path/../Frameworks";
				MACOSX_DEPLOYMENT_TARGET = 11.0;
				MARKETING_VERSION = 1.0;
				PRODUCT_BUNDLE_IDENTIFIER = Temi.PodcastApp;
				PRODUCT_NAME = "$(TARGET_NAME)";
				SDKROOT = auto;
				SUPPORTED_PLATFORMS = "iphoneos iphonesimulator macosx";
				SWIFT_EMIT_LOC_STRINGS = YES;
				SWIFT_VERSION = 5.0;
				TARGETED_DEVICE_FAMILY = "1,2";
			};
			name = Release.staging;
		};
		A7DA2D84291AD59D002D7EA1 /* Release.staging */ = {
			isa = XCBuildConfiguration;
			baseConfigurationReference = A7DA2D89291ADAB6002D7EA1 /* Staging.xcconfig */;
			buildSettings = {
				ASSETCATALOG_COMPILER_APPICON_NAME = AppIcon;
				ASSETCATALOG_COMPILER_GLOBAL_ACCENT_COLOR_NAME = AccentColor;
				CODE_SIGN_STYLE = Automatic;
				CURRENT_PROJECT_VERSION = 1;
				DEVELOPMENT_ASSET_PATHS = "\"watchOS Watch App/Preview Content\"";
				DEVELOPMENT_TEAM = 4Q6S759NWS;
				ENABLE_PREVIEWS = YES;
				GENERATE_INFOPLIST_FILE = YES;
				INFOPLIST_KEY_CFBundleDisplayName = "$(APP_NAME)";
				INFOPLIST_KEY_UISupportedInterfaceOrientations = "UIInterfaceOrientationPortrait UIInterfaceOrientationPortraitUpsideDown";
				INFOPLIST_KEY_WKCompanionAppBundleIdentifier = "$(APP_BUNDLE_IDENTIFIER)";
				INFOPLIST_KEY_WKRunsIndependentlyOfCompanionApp = YES;
				LD_RUNPATH_SEARCH_PATHS = (
					"$(inherited)",
					"@executable_path/Frameworks",
				);
				MARKETING_VERSION = 1.0;
				PRODUCT_BUNDLE_IDENTIFIER = .watchkitapp;
				PRODUCT_NAME = "$(TARGET_NAME)";
				SDKROOT = watchos;
				SKIP_INSTALL = YES;
				SWIFT_EMIT_LOC_STRINGS = YES;
				SWIFT_VERSION = 5.0;
				TARGETED_DEVICE_FAMILY = 4;
				VALIDATE_PRODUCT = YES;
				WATCHOS_DEPLOYMENT_TARGET = 9.1;
			};
			name = Release.staging;
		};
/* End XCBuildConfiguration section */

/* Begin XCConfigurationList section */
		A7DA2D4B291AD2FA002D7EA1 /* Build configuration list for PBXProject "PodcastApp" */ = {
			isa = XCConfigurationList;
			buildConfigurations = (
				A7DA2D62291AD2FB002D7EA1 /* Debug */,
				A7DA2D7C291AD56F002D7EA1 /* Debug.staging */,
				A7DA2D79291AD549002D7EA1 /* Debug.development */,
				A7DA2D63291AD2FB002D7EA1 /* Release */,
				A7DA2D82291AD59D002D7EA1 /* Release.staging */,
				A7DA2D7F291AD592002D7EA1 /* Release.development */,
			);
			defaultConfigurationIsVisible = 0;
			defaultConfigurationName = Release;
		};
		A7DA2D64291AD2FB002D7EA1 /* Build configuration list for PBXNativeTarget "PodcastApp" */ = {
			isa = XCConfigurationList;
			buildConfigurations = (
				A7DA2D65291AD2FB002D7EA1 /* Debug */,
				A7DA2D7D291AD56F002D7EA1 /* Debug.staging */,
				A7DA2D7A291AD549002D7EA1 /* Debug.development */,
				A7DA2D66291AD2FB002D7EA1 /* Release */,
				A7DA2D83291AD59D002D7EA1 /* Release.staging */,
				A7DA2D80291AD592002D7EA1 /* Release.development */,
			);
			defaultConfigurationIsVisible = 0;
			defaultConfigurationName = Release;
		};
		A7DA2D76291AD450002D7EA1 /* Build configuration list for PBXNativeTarget "watchOS Watch App" */ = {
			isa = XCConfigurationList;
			buildConfigurations = (
				A7DA2D77291AD450002D7EA1 /* Debug */,
				A7DA2D7E291AD56F002D7EA1 /* Debug.staging */,
				A7DA2D7B291AD549002D7EA1 /* Debug.development */,
				A7DA2D78291AD450002D7EA1 /* Release */,
				A7DA2D84291AD59D002D7EA1 /* Release.staging */,
				A7DA2D81291AD592002D7EA1 /* Release.development */,
			);
			defaultConfigurationIsVisible = 0;
			defaultConfigurationName = Release;
		};
/* End XCConfigurationList section */

/* Begin XCRemoteSwiftPackageReference section */
		A74A304B291CA7E6002204B1 /* XCRemoteSwiftPackageReference "FeedKit" */ = {
			isa = XCRemoteSwiftPackageReference;
			repositoryURL = "https://github.com/nmdias/FeedKit.git";
			requirement = {
				kind = upToNextMajorVersion;
				minimumVersion = 9.0.0;
			};
		};
/* End XCRemoteSwiftPackageReference section */

/* Begin XCSwiftPackageProductDependency section */
		A74A304C291CA7E6002204B1 /* FeedKit */ = {
			isa = XCSwiftPackageProductDependency;
			package = A74A304B291CA7E6002204B1 /* XCRemoteSwiftPackageReference "FeedKit" */;
			productName = FeedKit;
		};
		A74A304F291CA8C7002204B1 /* FeedKit */ = {
			isa = XCSwiftPackageProductDependency;
			package = A74A304B291CA7E6002204B1 /* XCRemoteSwiftPackageReference "FeedKit" */;
			productName = FeedKit;
		};
/* End XCSwiftPackageProductDependency section */

/* Begin XCVersionGroup section */
		A7DA2D57291AD2FA002D7EA1 /* PodcastApp.xcdatamodeld */ = {
			isa = XCVersionGroup;
			children = (
				A7DA2D58291AD2FA002D7EA1 /* PodcastApp.xcdatamodel */,
			);
			currentVersion = A7DA2D58291AD2FA002D7EA1 /* PodcastApp.xcdatamodel */;
			path = PodcastApp.xcdatamodeld;
			sourceTree = "<group>";
			versionGroupType = wrapper.xcdatamodel;
		};
/* End XCVersionGroup section */
	};
	rootObject = A7DA2D48291AD2FA002D7EA1 /* Project object */;
}
